
Microsoft Visual Studio Solution File, Format Version 12.00
# Visual Studio 15
Project("{FAE04EC0-301F-11D3-BF4B-00C04F79EFBC}") = "Assembly-CSharp", "Assembly-CSharp.csproj", "{D614B7C2-BC40-1A94-143A-023A9BC92D53}"
EndProject
Project("{FAE04EC0-301F-11D3-BF4B-00C04F79EFBC}") = "Assembly-CSharp-Editor", "Assembly-CSharp-Editor.csproj", "{947E5260-85A4-608B-6EDF-1F095EC818BC}"
EndProject
Global
	GlobalSection(SolutionConfigurationPlatforms) = preSolution
		Debug|Any CPU = Debug|Any CPU
		Release|Any CPU = Release|Any CPU
	EndGlobalSection
	GlobalSection(ProjectConfigurationPlatforms) = postSolution
		{D614B7C2-BC40-1A94-143A-023A9BC92D53}.Debug|Any CPU.ActiveCfg = Debug|Any CPU
		{D614B7C2-BC40-1A94-143A-023A9BC92D53}.Debug|Any CPU.Build.0 = Debug|Any CPU
		{D614B7C2-BC40-1A94-143A-023A9BC92D53}.Release|Any CPU.ActiveCfg = Release|Any CPU
		{D614B7C2-BC40-1A94-143A-023A9BC92D53}.Release|Any CPU.Build.0 = Release|Any CPU
		{947E5260-85A4-608B-6EDF-1F095EC818BC}.Debug|Any CPU.ActiveCfg = Debug|Any CPU
		{947E5260-85A4-608B-6EDF-1F095EC818BC}.Debug|Any CPU.Build.0 = Debug|Any CPU
		{947E5260-85A4-608B-6EDF-1F095EC818BC}.Release|Any CPU.ActiveCfg = Release|Any CPU
		{947E5260-85A4-608B-6EDF-1F095EC818BC}.Release|Any CPU.Build.0 = Release|Any CPU
	EndGlobalSection
	GlobalSection(SolutionProperties) = preSolution
		HideSolutionNode = FALSE
	EndGlobalSection
EndGlobal
